
Microsoft Visual Studio Solution File, Format Version 12.00
# Visual Studio Version 16
VisualStudioVersion = 16.0.31702.278
MinimumVisualStudioVersion = 10.0.40219.1
Project("{2150E333-8FDC-42A3-9474-1A3956D46DE8}") = "Client", "Client", "{23705195-0598-4368-B4FD-5534FE7FF703}"
EndProject
Project("{2150E333-8FDC-42A3-9474-1A3956D46DE8}") = "Server", "Server", "{3CF6581E-B27E-4AC2-B920-BAD2AC98A312}"
EndProject
Project("{2150E333-8FDC-42A3-9474-1A3956D46DE8}") = "Share", "Share", "{7FEA4C4A-BAEB-45E3-93DF-3AD3588A9D32}"
EndProject
Project("{2150E333-8FDC-42A3-9474-1A3956D46DE8}") = "UnitTests", "UnitTests", "{E29AAACE-1E3E-452B-A6E5-BCAC64343FEC}"
EndProject
Project("{FAE04EC0-301F-11D3-BF4B-00C04F79EFBC}") = "ProjectCity.Client.UWP", "ProjectCity.Client.UWP\ProjectCity.Client.UWP.csproj", "{A3350A24-1D5A-417F-93C5-680374FD44E8}"
EndProject
Project("{9A19103F-16F7-4668-BE54-9A1E7A4F7556}") = "ProjectCity.Client.Services", "ProjectCity.Client.Services\ProjectCity.Client.Services.csproj", "{B5A7ACF4-CDCD-4E89-A770-C16F9F2668BA}"
EndProject
Project("{9A19103F-16F7-4668-BE54-9A1E7A4F7556}") = "ProjectCity.Server.Entities", "ProjectCity.Server.Entities\ProjectCity.Server.Entities.csproj", "{BEB9E100-9536-406F-91A1-5DCA9A9D4F2A}"
EndProject
Project("{9A19103F-16F7-4668-BE54-9A1E7A4F7556}") = "ProjectCity.Server.Services", "ProjectCity.Server.Services\ProjectCity.Server.Services.csproj", "{5FCDEDA7-5CC3-4047-A38E-FD4D3F9175D1}"
EndProject
Project("{9A19103F-16F7-4668-BE54-9A1E7A4F7556}") = "ProjectCity.EntitiesShare", "ProjectCity.EntitiesShare\ProjectCity.EntitiesShare.csproj", "{1A0F96FF-2E6F-42E8-9B75-2C92E7D59E6F}"
EndProject
Project("{9A19103F-16F7-4668-BE54-9A1E7A4F7556}") = "ProjectCity.VM", "ProjectCity.VM\ProjectCity.VM.csproj", "{2D7599A4-17EC-4368-904A-F96F97857060}"
EndProject
Project("{9A19103F-16F7-4668-BE54-9A1E7A4F7556}") = "ProjectCity.Server.Core", "ProjectCity.Server.Core\ProjectCity.Server.Core.csproj", "{EDE68A12-74CF-4A79-AB83-7E78C9D1FF79}"
EndProject
Project("{9A19103F-16F7-4668-BE54-9A1E7A4F7556}") = "ProjectCity.Client.Services.UnitTests", "ProjectCity.Client.Services.UnitTests\ProjectCity.Client.Services.UnitTests.csproj", "{D25EE0B1-18B0-4C2F-B2DD-FB69A74694C0}"
EndProject
Project("{9A19103F-16F7-4668-BE54-9A1E7A4F7556}") = "ProjectCity.Server.Services.UnitTests", "ProjectCity.Server.Services.UnitTests\ProjectCity.Server.Services.UnitTests.csproj", "{4F8CC411-6378-44B4-99A2-C59D831B7EBA}"
EndProject
Project("{FAE04EC0-301F-11D3-BF4B-00C04F79EFBC}") = "TestConsole", "TestConsole\TestConsole.csproj", "{434C7AAD-0830-493E-967B-F5728CF56978}"
EndProject
Global
	GlobalSection(SolutionConfigurationPlatforms) = preSolution
		Debug|Any CPU = Debug|Any CPU
		Debug|ARM = Debug|ARM
		Debug|ARM64 = Debug|ARM64
		Debug|x64 = Debug|x64
		Debug|x86 = Debug|x86
		Release|Any CPU = Release|Any CPU
		Release|ARM = Release|ARM
		Release|ARM64 = Release|ARM64
		Release|x64 = Release|x64
		Release|x86 = Release|x86
	EndGlobalSection
	GlobalSection(ProjectConfigurationPlatforms) = postSolution
		{A3350A24-1D5A-417F-93C5-680374FD44E8}.Debug|Any CPU.ActiveCfg = Debug|x86
		{A3350A24-1D5A-417F-93C5-680374FD44E8}.Debug|ARM.ActiveCfg = Debug|ARM
		{A3350A24-1D5A-417F-93C5-680374FD44E8}.Debug|ARM.Build.0 = Debug|ARM
		{A3350A24-1D5A-417F-93C5-680374FD44E8}.Debug|ARM.Deploy.0 = Debug|ARM
		{A3350A24-1D5A-417F-93C5-680374FD44E8}.Debug|ARM64.ActiveCfg = Debug|ARM64
		{A3350A24-1D5A-417F-93C5-680374FD44E8}.Debug|ARM64.Build.0 = Debug|ARM64
		{A3350A24-1D5A-417F-93C5-680374FD44E8}.Debug|ARM64.Deploy.0 = Debug|ARM64
		{A3350A24-1D5A-417F-93C5-680374FD44E8}.Debug|x64.ActiveCfg = Debug|x64
		{A3350A24-1D5A-417F-93C5-680374FD44E8}.Debug|x64.Build.0 = Debug|x64
		{A3350A24-1D5A-417F-93C5-680374FD44E8}.Debug|x64.Deploy.0 = Debug|x64
		{A3350A24-1D5A-417F-93C5-680374FD44E8}.Debug|x86.ActiveCfg = Debug|x86
		{A3350A24-1D5A-417F-93C5-680374FD44E8}.Debug|x86.Build.0 = Debug|x86
		{A3350A24-1D5A-417F-93C5-680374FD44E8}.Debug|x86.Deploy.0 = Debug|x86
		{A3350A24-1D5A-417F-93C5-680374FD44E8}.Release|Any CPU.ActiveCfg = Release|x86
		{A3350A24-1D5A-417F-93C5-680374FD44E8}.Release|ARM.ActiveCfg = Release|ARM
		{A3350A24-1D5A-417F-93C5-680374FD44E8}.Release|ARM.Build.0 = Release|ARM
		{A3350A24-1D5A-417F-93C5-680374FD44E8}.Release|ARM.Deploy.0 = Release|ARM
		{A3350A24-1D5A-417F-93C5-680374FD44E8}.Release|ARM64.ActiveCfg = Release|ARM64
		{A3350A24-1D5A-417F-93C5-680374FD44E8}.Release|ARM64.Build.0 = Release|ARM64
		{A3350A24-1D5A-417F-93C5-680374FD44E8}.Release|ARM64.Deploy.0 = Release|ARM64
		{A3350A24-1D5A-417F-93C5-680374FD44E8}.Release|x64.ActiveCfg = Release|x64
		{A3350A24-1D5A-417F-93C5-680374FD44E8}.Release|x64.Build.0 = Release|x64
		{A3350A24-1D5A-417F-93C5-680374FD44E8}.Release|x64.Deploy.0 = Release|x64
		{A3350A24-1D5A-417F-93C5-680374FD44E8}.Release|x86.ActiveCfg = Release|x86
		{A3350A24-1D5A-417F-93C5-680374FD44E8}.Release|x86.Build.0 = Release|x86
		{A3350A24-1D5A-417F-93C5-680374FD44E8}.Release|x86.Deploy.0 = Release|x86
		{B5A7ACF4-CDCD-4E89-A770-C16F9F2668BA}.Debug|Any CPU.ActiveCfg = Debug|Any CPU
		{B5A7ACF4-CDCD-4E89-A770-C16F9F2668BA}.Debug|Any CPU.Build.0 = Debug|Any CPU
		{B5A7ACF4-CDCD-4E89-A770-C16F9F2668BA}.Debug|ARM.ActiveCfg = Debug|Any CPU
		{B5A7ACF4-CDCD-4E89-A770-C16F9F2668BA}.Debug|ARM.Build.0 = Debug|Any CPU
		{B5A7ACF4-CDCD-4E89-A770-C16F9F2668BA}.Debug|ARM64.ActiveCfg = Debug|Any CPU
		{B5A7ACF4-CDCD-4E89-A770-C16F9F2668BA}.Debug|ARM64.Build.0 = Debug|Any CPU
		{B5A7ACF4-CDCD-4E89-A770-C16F9F2668BA}.Debug|x64.ActiveCfg = Debug|Any CPU
		{B5A7ACF4-CDCD-4E89-A770-C16F9F2668BA}.Debug|x64.Build.0 = Debug|Any CPU
		{B5A7ACF4-CDCD-4E89-A770-C16F9F2668BA}.Debug|x86.ActiveCfg = Debug|Any CPU
		{B5A7ACF4-CDCD-4E89-A770-C16F9F2668BA}.Debug|x86.Build.0 = Debug|Any CPU
		{B5A7ACF4-CDCD-4E89-A770-C16F9F2668BA}.Release|Any CPU.ActiveCfg = Release|Any CPU
		{B5A7ACF4-CDCD-4E89-A770-C16F9F2668BA}.Release|Any CPU.Build.0 = Release|Any CPU
		{B5A7ACF4-CDCD-4E89-A770-C16F9F2668BA}.Release|ARM.ActiveCfg = Release|Any CPU
		{B5A7ACF4-CDCD-4E89-A770-C16F9F2668BA}.Release|ARM.Build.0 = Release|Any CPU
		{B5A7ACF4-CDCD-4E89-A770-C16F9F2668BA}.Release|ARM64.ActiveCfg = Release|Any CPU
		{B5A7ACF4-CDCD-4E89-A770-C16F9F2668BA}.Release|ARM64.Build.0 = Release|Any CPU
		{B5A7ACF4-CDCD-4E89-A770-C16F9F2668BA}.Release|x64.ActiveCfg = Release|Any CPU
		{B5A7ACF4-CDCD-4E89-A770-C16F9F2668BA}.Release|x64.Build.0 = Release|Any CPU
		{B5A7ACF4-CDCD-4E89-A770-C16F9F2668BA}.Release|x86.ActiveCfg = Release|Any CPU
		{B5A7ACF4-CDCD-4E89-A770-C16F9F2668BA}.Release|x86.Build.0 = Release|Any CPU
		{BEB9E100-9536-406F-91A1-5DCA9A9D4F2A}.Debug|Any CPU.ActiveCfg = Debug|Any CPU
		{BEB9E100-9536-406F-91A1-5DCA9A9D4F2A}.Debug|Any CPU.Build.0 = Debug|Any CPU
		{BEB9E100-9536-406F-91A1-5DCA9A9D4F2A}.Debug|ARM.ActiveCfg = Debug|Any CPU
		{BEB9E100-9536-406F-91A1-5DCA9A9D4F2A}.Debug|ARM.Build.0 = Debug|Any CPU
		{BEB9E100-9536-406F-91A1-5DCA9A9D4F2A}.Debug|ARM64.ActiveCfg = Debug|Any CPU
		{BEB9E100-9536-406F-91A1-5DCA9A9D4F2A}.Debug|ARM64.Build.0 = Debug|Any CPU
		{BEB9E100-9536-406F-91A1-5DCA9A9D4F2A}.Debug|x64.ActiveCfg = Debug|Any CPU
		{BEB9E100-9536-406F-91A1-5DCA9A9D4F2A}.Debug|x64.Build.0 = Debug|Any CPU
		{BEB9E100-9536-406F-91A1-5DCA9A9D4F2A}.Debug|x86.ActiveCfg = Debug|Any CPU
		{BEB9E100-9536-406F-91A1-5DCA9A9D4F2A}.Debug|x86.Build.0 = Debug|Any CPU
		{BEB9E100-9536-406F-91A1-5DCA9A9D4F2A}.Release|Any CPU.ActiveCfg = Release|Any CPU
		{BEB9E100-9536-406F-91A1-5DCA9A9D4F2A}.Release|Any CPU.Build.0 = Release|Any CPU
		{BEB9E100-9536-406F-91A1-5DCA9A9D4F2A}.Release|ARM.ActiveCfg = Release|Any CPU
		{BEB9E100-9536-406F-91A1-5DCA9A9D4F2A}.Release|ARM.Build.0 = Release|Any CPU
		{BEB9E100-9536-406F-91A1-5DCA9A9D4F2A}.Release|ARM64.ActiveCfg = Release|Any CPU
		{BEB9E100-9536-406F-91A1-5DCA9A9D4F2A}.Release|ARM64.Build.0 = Release|Any CPU
		{BEB9E100-9536-406F-91A1-5DCA9A9D4F2A}.Release|x64.ActiveCfg = Release|Any CPU
		{BEB9E100-9536-406F-91A1-5DCA9A9D4F2A}.Release|x64.Build.0 = Release|Any CPU
		{BEB9E100-9536-406F-91A1-5DCA9A9D4F2A}.Release|x86.ActiveCfg = Release|Any CPU
		{BEB9E100-9536-406F-91A1-5DCA9A9D4F2A}.Release|x86.Build.0 = Release|Any CPU
		{5FCDEDA7-5CC3-4047-A38E-FD4D3F9175D1}.Debug|Any CPU.ActiveCfg = Debug|Any CPU
		{5FCDEDA7-5CC3-4047-A38E-FD4D3F9175D1}.Debug|Any CPU.Build.0 = Debug|Any CPU
		{5FCDEDA7-5CC3-4047-A38E-FD4D3F9175D1}.Debug|ARM.ActiveCfg = Debug|Any CPU
		{5FCDEDA7-5CC3-4047-A38E-FD4D3F9175D1}.Debug|ARM.Build.0 = Debug|Any CPU
		{5FCDEDA7-5CC3-4047-A38E-FD4D3F9175D1}.Debug|ARM64.ActiveCfg = Debug|Any CPU
		{5FCDEDA7-5CC3-4047-A38E-FD4D3F9175D1}.Debug|ARM64.Build.0 = Debug|Any CPU
		{5FCDEDA7-5CC3-4047-A38E-FD4D3F9175D1}.Debug|x64.ActiveCfg = Debug|Any CPU
		{5FCDEDA7-5CC3-4047-A38E-FD4D3F9175D1}.Debug|x64.Build.0 = Debug|Any CPU
		{5FCDEDA7-5CC3-4047-A38E-FD4D3F9175D1}.Debug|x86.ActiveCfg = Debug|Any CPU
		{5FCDEDA7-5CC3-4047-A38E-FD4D3F9175D1}.Debug|x86.Build.0 = Debug|Any CPU
		{5FCDEDA7-5CC3-4047-A38E-FD4D3F9175D1}.Release|Any CPU.ActiveCfg = Release|Any CPU
		{5FCDEDA7-5CC3-4047-A38E-FD4D3F9175D1}.Release|Any CPU.Build.0 = Release|Any CPU
		{5FCDEDA7-5CC3-4047-A38E-FD4D3F9175D1}.Release|ARM.ActiveCfg = Release|Any CPU
		{5FCDEDA7-5CC3-4047-A38E-FD4D3F9175D1}.Release|ARM.Build.0 = Release|Any CPU
		{5FCDEDA7-5CC3-4047-A38E-FD4D3F9175D1}.Release|ARM64.ActiveCfg = Release|Any CPU
		{5FCDEDA7-5CC3-4047-A38E-FD4D3F9175D1}.Release|ARM64.Build.0 = Release|Any CPU
		{5FCDEDA7-5CC3-4047-A38E-FD4D3F9175D1}.Release|x64.ActiveCfg = Release|Any CPU
		{5FCDEDA7-5CC3-4047-A38E-FD4D3F9175D1}.Release|x64.Build.0 = Release|Any CPU
		{5FCDEDA7-5CC3-4047-A38E-FD4D3F9175D1}.Release|x86.ActiveCfg = Release|Any CPU
		{5FCDEDA7-5CC3-4047-A38E-FD4D3F9175D1}.Release|x86.Build.0 = Release|Any CPU
		{1A0F96FF-2E6F-42E8-9B75-2C92E7D59E6F}.Debug|Any CPU.ActiveCfg = Debug|Any CPU
		{1A0F96FF-2E6F-42E8-9B75-2C92E7D59E6F}.Debug|Any CPU.Build.0 = Debug|Any CPU
		{1A0F96FF-2E6F-42E8-9B75-2C92E7D59E6F}.Debug|ARM.ActiveCfg = Debug|Any CPU
		{1A0F96FF-2E6F-42E8-9B75-2C92E7D59E6F}.Debug|ARM.Build.0 = Debug|Any CPU
		{1A0F96FF-2E6F-42E8-9B75-2C92E7D59E6F}.Debug|ARM64.ActiveCfg = Debug|Any CPU
		{1A0F96FF-2E6F-42E8-9B75-2C92E7D59E6F}.Debug|ARM64.Build.0 = Debug|Any CPU
		{1A0F96FF-2E6F-42E8-9B75-2C92E7D59E6F}.Debug|x64.ActiveCfg = Debug|Any CPU
		{1A0F96FF-2E6F-42E8-9B75-2C92E7D59E6F}.Debug|x64.Build.0 = Debug|Any CPU
		{1A0F96FF-2E6F-42E8-9B75-2C92E7D59E6F}.Debug|x86.ActiveCfg = Debug|Any CPU
		{1A0F96FF-2E6F-42E8-9B75-2C92E7D59E6F}.Debug|x86.Build.0 = Debug|Any CPU
		{1A0F96FF-2E6F-42E8-9B75-2C92E7D59E6F}.Release|Any CPU.ActiveCfg = Release|Any CPU
		{1A0F96FF-2E6F-42E8-9B75-2C92E7D59E6F}.Release|Any CPU.Build.0 = Release|Any CPU
		{1A0F96FF-2E6F-42E8-9B75-2C92E7D59E6F}.Release|ARM.ActiveCfg = Release|Any CPU
		{1A0F96FF-2E6F-42E8-9B75-2C92E7D59E6F}.Release|ARM.Build.0 = Release|Any CPU
		{1A0F96FF-2E6F-42E8-9B75-2C92E7D59E6F}.Release|ARM64.ActiveCfg = Release|Any CPU
		{1A0F96FF-2E6F-42E8-9B75-2C92E7D59E6F}.Release|ARM64.Build.0 = Release|Any CPU
		{1A0F96FF-2E6F-42E8-9B75-2C92E7D59E6F}.Release|x64.ActiveCfg = Release|Any CPU
		{1A0F96FF-2E6F-42E8-9B75-2C92E7D59E6F}.Release|x64.Build.0 = Release|Any CPU
		{1A0F96FF-2E6F-42E8-9B75-2C92E7D59E6F}.Release|x86.ActiveCfg = Release|Any CPU
		{1A0F96FF-2E6F-42E8-9B75-2C92E7D59E6F}.Release|x86.Build.0 = Release|Any CPU
		{2D7599A4-17EC-4368-904A-F96F97857060}.Debug|Any CPU.ActiveCfg = Debug|Any CPU
		{2D7599A4-17EC-4368-904A-F96F97857060}.Debug|Any CPU.Build.0 = Debug|Any CPU
		{2D7599A4-17EC-4368-904A-F96F97857060}.Debug|ARM.ActiveCfg = Debug|Any CPU
		{2D7599A4-17EC-4368-904A-F96F97857060}.Debug|ARM.Build.0 = Debug|Any CPU
		{2D7599A4-17EC-4368-904A-F96F97857060}.Debug|ARM64.ActiveCfg = Debug|Any CPU
		{2D7599A4-17EC-4368-904A-F96F97857060}.Debug|ARM64.Build.0 = Debug|Any CPU
		{2D7599A4-17EC-4368-904A-F96F97857060}.Debug|x64.ActiveCfg = Debug|Any CPU
		{2D7599A4-17EC-4368-904A-F96F97857060}.Debug|x64.Build.0 = Debug|Any CPU
		{2D7599A4-17EC-4368-904A-F96F97857060}.Debug|x86.ActiveCfg = Debug|Any CPU
		{2D7599A4-17EC-4368-904A-F96F97857060}.Debug|x86.Build.0 = Debug|Any CPU
		{2D7599A4-17EC-4368-904A-F96F97857060}.Release|Any CPU.ActiveCfg = Release|Any CPU
		{2D7599A4-17EC-4368-904A-F96F97857060}.Release|Any CPU.Build.0 = Release|Any CPU
		{2D7599A4-17EC-4368-904A-F96F97857060}.Release|ARM.ActiveCfg = Release|Any CPU
		{2D7599A4-17EC-4368-904A-F96F97857060}.Release|ARM.Build.0 = Release|Any CPU
		{2D7599A4-17EC-4368-904A-F96F97857060}.Release|ARM64.ActiveCfg = Release|Any CPU
		{2D7599A4-17EC-4368-904A-F96F97857060}.Release|ARM64.Build.0 = Release|Any CPU
		{2D7599A4-17EC-4368-904A-F96F97857060}.Release|x64.ActiveCfg = Release|Any CPU
		{2D7599A4-17EC-4368-904A-F96F97857060}.Release|x64.Build.0 = Release|Any CPU
		{2D7599A4-17EC-4368-904A-F96F97857060}.Release|x86.ActiveCfg = Release|Any CPU
		{2D7599A4-17EC-4368-904A-F96F97857060}.Release|x86.Build.0 = Release|Any CPU
		{EDE68A12-74CF-4A79-AB83-7E78C9D1FF79}.Debug|Any CPU.ActiveCfg = Debug|Any CPU
		{EDE68A12-74CF-4A79-AB83-7E78C9D1FF79}.Debug|Any CPU.Build.0 = Debug|Any CPU
		{EDE68A12-74CF-4A79-AB83-7E78C9D1FF79}.Debug|ARM.ActiveCfg = Debug|Any CPU
		{EDE68A12-74CF-4A79-AB83-7E78C9D1FF79}.Debug|ARM.Build.0 = Debug|Any CPU
		{EDE68A12-74CF-4A79-AB83-7E78C9D1FF79}.Debug|ARM64.ActiveCfg = Debug|Any CPU
		{EDE68A12-74CF-4A79-AB83-7E78C9D1FF79}.Debug|ARM64.Build.0 = Debug|Any CPU
		{EDE68A12-74CF-4A79-AB83-7E78C9D1FF79}.Debug|x64.ActiveCfg = Debug|Any CPU
		{EDE68A12-74CF-4A79-AB83-7E78C9D1FF79}.Debug|x64.Build.0 = Debug|Any CPU
		{EDE68A12-74CF-4A79-AB83-7E78C9D1FF79}.Debug|x86.ActiveCfg = Debug|Any CPU
		{EDE68A12-74CF-4A79-AB83-7E78C9D1FF79}.Debug|x86.Build.0 = Debug|Any CPU
		{EDE68A12-74CF-4A79-AB83-7E78C9D1FF79}.Release|Any CPU.ActiveCfg = Release|Any CPU
		{EDE68A12-74CF-4A79-AB83-7E78C9D1FF79}.Release|Any CPU.Build.0 = Release|Any CPU
		{EDE68A12-74CF-4A79-AB83-7E78C9D1FF79}.Release|ARM.ActiveCfg = Release|Any CPU
		{EDE68A12-74CF-4A79-AB83-7E78C9D1FF79}.Release|ARM.Build.0 = Release|Any CPU
		{EDE68A12-74CF-4A79-AB83-7E78C9D1FF79}.Release|ARM64.ActiveCfg = Release|Any CPU
		{EDE68A12-74CF-4A79-AB83-7E78C9D1FF79}.Release|ARM64.Build.0 = Release|Any CPU
		{EDE68A12-74CF-4A79-AB83-7E78C9D1FF79}.Release|x64.ActiveCfg = Release|Any CPU
		{EDE68A12-74CF-4A79-AB83-7E78C9D1FF79}.Release|x64.Build.0 = Release|Any CPU
		{EDE68A12-74CF-4A79-AB83-7E78C9D1FF79}.Release|x86.ActiveCfg = Release|Any CPU
		{EDE68A12-74CF-4A79-AB83-7E78C9D1FF79}.Release|x86.Build.0 = Release|Any CPU
		{D25EE0B1-18B0-4C2F-B2DD-FB69A74694C0}.Debug|Any CPU.ActiveCfg = Debug|Any CPU
		{D25EE0B1-18B0-4C2F-B2DD-FB69A74694C0}.Debug|Any CPU.Build.0 = Debug|Any CPU
		{D25EE0B1-18B0-4C2F-B2DD-FB69A74694C0}.Debug|ARM.ActiveCfg = Debug|Any CPU
		{D25EE0B1-18B0-4C2F-B2DD-FB69A74694C0}.Debug|ARM.Build.0 = Debug|Any CPU
		{D25EE0B1-18B0-4C2F-B2DD-FB69A74694C0}.Debug|ARM64.ActiveCfg = Debug|Any CPU
		{D25EE0B1-18B0-4C2F-B2DD-FB69A74694C0}.Debug|ARM64.Build.0 = Debug|Any CPU
		{D25EE0B1-18B0-4C2F-B2DD-FB69A74694C0}.Debug|x64.ActiveCfg = Debug|Any CPU
		{D25EE0B1-18B0-4C2F-B2DD-FB69A74694C0}.Debug|x64.Build.0 = Debug|Any CPU
		{D25EE0B1-18B0-4C2F-B2DD-FB69A74694C0}.Debug|x86.ActiveCfg = Debug|Any CPU
		{D25EE0B1-18B0-4C2F-B2DD-FB69A74694C0}.Debug|x86.Build.0 = Debug|Any CPU
		{D25EE0B1-18B0-4C2F-B2DD-FB69A74694C0}.Release|Any CPU.ActiveCfg = Release|Any CPU
		{D25EE0B1-18B0-4C2F-B2DD-FB69A74694C0}.Release|Any CPU.Build.0 = Release|Any CPU
		{D25EE0B1-18B0-4C2F-B2DD-FB69A74694C0}.Release|ARM.ActiveCfg = Release|Any CPU
		{D25EE0B1-18B0-4C2F-B2DD-FB69A74694C0}.Release|ARM.Build.0 = Release|Any CPU
		{D25EE0B1-18B0-4C2F-B2DD-FB69A74694C0}.Release|ARM64.ActiveCfg = Release|Any CPU
		{D25EE0B1-18B0-4C2F-B2DD-FB69A74694C0}.Release|ARM64.Build.0 = Release|Any CPU
		{D25EE0B1-18B0-4C2F-B2DD-FB69A74694C0}.Release|x64.ActiveCfg = Release|Any CPU
		{D25EE0B1-18B0-4C2F-B2DD-FB69A74694C0}.Release|x64.Build.0 = Release|Any CPU
		{D25EE0B1-18B0-4C2F-B2DD-FB69A74694C0}.Release|x86.ActiveCfg = Release|Any CPU
		{D25EE0B1-18B0-4C2F-B2DD-FB69A74694C0}.Release|x86.Build.0 = Release|Any CPU
		{4F8CC411-6378-44B4-99A2-C59D831B7EBA}.Debug|Any CPU.ActiveCfg = Debug|Any CPU
		{4F8CC411-6378-44B4-99A2-C59D831B7EBA}.Debug|Any CPU.Build.0 = Debug|Any CPU
		{4F8CC411-6378-44B4-99A2-C59D831B7EBA}.Debug|ARM.ActiveCfg = Debug|Any CPU
		{4F8CC411-6378-44B4-99A2-C59D831B7EBA}.Debug|ARM.Build.0 = Debug|Any CPU
		{4F8CC411-6378-44B4-99A2-C59D831B7EBA}.Debug|ARM64.ActiveCfg = Debug|Any CPU
		{4F8CC411-6378-44B4-99A2-C59D831B7EBA}.Debug|ARM64.Build.0 = Debug|Any CPU
		{4F8CC411-6378-44B4-99A2-C59D831B7EBA}.Debug|x64.ActiveCfg = Debug|Any CPU
		{4F8CC411-6378-44B4-99A2-C59D831B7EBA}.Debug|x64.Build.0 = Debug|Any CPU
		{4F8CC411-6378-44B4-99A2-C59D831B7EBA}.Debug|x86.ActiveCfg = Debug|Any CPU
		{4F8CC411-6378-44B4-99A2-C59D831B7EBA}.Debug|x86.Build.0 = Debug|Any CPU
		{4F8CC411-6378-44B4-99A2-C59D831B7EBA}.Release|Any CPU.ActiveCfg = Release|Any CPU
		{4F8CC411-6378-44B4-99A2-C59D831B7EBA}.Release|Any CPU.Build.0 = Release|Any CPU
		{4F8CC411-6378-44B4-99A2-C59D831B7EBA}.Release|ARM.ActiveCfg = Release|Any CPU
		{4F8CC411-6378-44B4-99A2-C59D831B7EBA}.Release|ARM.Build.0 = Release|Any CPU
		{4F8CC411-6378-44B4-99A2-C59D831B7EBA}.Release|ARM64.ActiveCfg = Release|Any CPU
		{4F8CC411-6378-44B4-99A2-C59D831B7EBA}.Release|ARM64.Build.0 = Release|Any CPU
		{4F8CC411-6378-44B4-99A2-C59D831B7EBA}.Release|x64.ActiveCfg = Release|Any CPU
		{4F8CC411-6378-44B4-99A2-C59D831B7EBA}.Release|x64.Build.0 = Release|Any CPU
		{4F8CC411-6378-44B4-99A2-C59D831B7EBA}.Release|x86.ActiveCfg = Release|Any CPU
		{4F8CC411-6378-44B4-99A2-C59D831B7EBA}.Release|x86.Build.0 = Release|Any CPU
		{434C7AAD-0830-493E-967B-F5728CF56978}.Debug|Any CPU.ActiveCfg = Debug|Any CPU
		{434C7AAD-0830-493E-967B-F5728CF56978}.Debug|Any CPU.Build.0 = Debug|Any CPU
		{434C7AAD-0830-493E-967B-F5728CF56978}.Debug|ARM.ActiveCfg = Debug|Any CPU
		{434C7AAD-0830-493E-967B-F5728CF56978}.Debug|ARM.Build.0 = Debug|Any CPU
		{434C7AAD-0830-493E-967B-F5728CF56978}.Debug|ARM64.ActiveCfg = Debug|Any CPU
		{434C7AAD-0830-493E-967B-F5728CF56978}.Debug|ARM64.Build.0 = Debug|Any CPU
		{434C7AAD-0830-493E-967B-F5728CF56978}.Debug|x64.ActiveCfg = Debug|Any CPU
		{434C7AAD-0830-493E-967B-F5728CF56978}.Debug|x64.Build.0 = Debug|Any CPU
		{434C7AAD-0830-493E-967B-F5728CF56978}.Debug|x86.ActiveCfg = Debug|Any CPU
		{434C7AAD-0830-493E-967B-F5728CF56978}.Debug|x86.Build.0 = Debug|Any CPU
		{434C7AAD-0830-493E-967B-F5728CF56978}.Release|Any CPU.ActiveCfg = Release|Any CPU
		{434C7AAD-0830-493E-967B-F5728CF56978}.Release|Any CPU.Build.0 = Release|Any CPU
		{434C7AAD-0830-493E-967B-F5728CF56978}.Release|ARM.ActiveCfg = Release|Any CPU
		{434C7AAD-0830-493E-967B-F5728CF56978}.Release|ARM.Build.0 = Release|Any CPU
		{434C7AAD-0830-493E-967B-F5728CF56978}.Release|ARM64.ActiveCfg = Release|Any CPU
		{434C7AAD-0830-493E-967B-F5728CF56978}.Release|ARM64.Build.0 = Release|Any CPU
		{434C7AAD-0830-493E-967B-F5728CF56978}.Release|x64.ActiveCfg = Release|Any CPU
		{434C7AAD-0830-493E-967B-F5728CF56978}.Release|x64.Build.0 = Release|Any CPU
		{434C7AAD-0830-493E-967B-F5728CF56978}.Release|x86.ActiveCfg = Release|Any CPU
		{434C7AAD-0830-493E-967B-F5728CF56978}.Release|x86.Build.0 = Release|Any CPU
	EndGlobalSection
	GlobalSection(SolutionProperties) = preSolution
		HideSolutionNode = FALSE
	EndGlobalSection
	GlobalSection(NestedProjects) = preSolution
		{A3350A24-1D5A-417F-93C5-680374FD44E8} = {23705195-0598-4368-B4FD-5534FE7FF703}
		{B5A7ACF4-CDCD-4E89-A770-C16F9F2668BA} = {23705195-0598-4368-B4FD-5534FE7FF703}
		{BEB9E100-9536-406F-91A1-5DCA9A9D4F2A} = {3CF6581E-B27E-4AC2-B920-BAD2AC98A312}
		{5FCDEDA7-5CC3-4047-A38E-FD4D3F9175D1} = {3CF6581E-B27E-4AC2-B920-BAD2AC98A312}
		{1A0F96FF-2E6F-42E8-9B75-2C92E7D59E6F} = {7FEA4C4A-BAEB-45E3-93DF-3AD3588A9D32}
		{2D7599A4-17EC-4368-904A-F96F97857060} = {7FEA4C4A-BAEB-45E3-93DF-3AD3588A9D32}
		{EDE68A12-74CF-4A79-AB83-7E78C9D1FF79} = {3CF6581E-B27E-4AC2-B920-BAD2AC98A312}
		{D25EE0B1-18B0-4C2F-B2DD-FB69A74694C0} = {E29AAACE-1E3E-452B-A6E5-BCAC64343FEC}
		{4F8CC411-6378-44B4-99A2-C59D831B7EBA} = {E29AAACE-1E3E-452B-A6E5-BCAC64343FEC}
	EndGlobalSection
	GlobalSection(ExtensibilityGlobals) = postSolution
		SolutionGuid = {08B024E4-08A0-42F8-9A1D-7845C0C5D611}
	EndGlobalSection
EndGlobal
